<?xml version="1.0" encoding="utf-8"?>
<Project ToolsVersion="4.0" xmlns="http://schemas.microsoft.com/developer/msbuild/2003">
  <ItemGroup>
    <Filter Include="third_party">
      <UniqueIdentifier>{7dc83179-acd4-4876-8693-a6bc93cbc3de}</UniqueIdentifier>
    </Filter>
    <Filter Include="third_party\imgui">
      <UniqueIdentifier>{f7d4fb46-b6d4-4c99-8704-b70c2de35fc3}</UniqueIdentifier>
    </Filter>
    <Filter Include="third_party\imgui\backends">
      <UniqueIdentifier>{2895997b-fd49-4808-ae07-32b2ec6e9e20}</UniqueIdentifier>
    </Filter>
  </ItemGroup>
  <ItemGroup>
    <ClCompile Include="..\third_party\imgui\backends\imgui_impl_sdl3.cpp">
      <Filter>third_party\imgui\backends</Filter>
    </ClCompile>
    <ClCompile Include="..\third_party\imgui\backends\imgui_impl_sdlrenderer3.cpp">
      <Filter>third_party\imgui\backends</Filter>
    </ClCompile>
    <ClCompile Include="..\third_party\imgui\imgui.cpp">
      <Filter>third_party\imgui</Filter>
    </ClCompile>
    <ClCompile Include="..\third_party\imgui\imgui_draw.cpp">
      <Filter>third_party\imgui</Filter>
    </ClCompile>
    <ClCompile Include="..\third_party\imgui\imgui_tables.cpp">
      <Filter>third_party\imgui</Filter>
    </ClCompile>
    <ClCompile Include="..\third_party\imgui\imgui_widgets.cpp">
      <Filter>third_party\imgui</Filter>
    </ClCompile>
    <ClCompile Include="main.cpp" />
    <ClCompile Include="stb_impl.cpp" />
    <ClCompile Include="tasks.cpp" />
  </ItemGroup>
  <ItemGroup>
    <ClInclude Include="tasks.h" />
  </ItemGroup>
</Project>